
Microsoft Visual Studio Solution File, Format Version 12.00
# Visual Studio Version 17
VisualStudioVersion = 17.14.36414.22 d17.14
MinimumVisualStudioVersion = 10.0.40219.1
Project("{FAE04EC0-301F-11D3-BF4B-00C04F79EFBC}") = "Meetify", "Meetify.csproj", "{720B0EA2-EC15-4D52-710A-CF23EEB5F78A}"
EndProject
Global
	GlobalSection(SolutionConfigurationPlatforms) = preSolution
		Debug|Any CPU = Debug|Any CPU
		Release|Any CPU = Release|Any CPU
	EndGlobalSection
	GlobalSection(ProjectConfigurationPlatforms) = postSolution
		{720B0EA2-EC15-4D52-710A-CF23EEB5F78A}.Debug|Any CPU.ActiveCfg = Debug|Any CPU
		{720B0EA2-EC15-4D52-710A-CF23EEB5F78A}.Debug|Any CPU.Build.0 = Debug|Any CPU
		{720B0EA2-EC15-4D52-710A-CF23EEB5F78A}.Release|Any CPU.ActiveCfg = Release|Any CPU
		{720B0EA2-EC15-4D52-710A-CF23EEB5F78A}.Release|Any CPU.Build.0 = Release|Any CPU
	EndGlobalSection
	GlobalSection(SolutionProperties) = preSolution
		HideSolutionNode = FALSE
	EndGlobalSection
	GlobalSection(ExtensibilityGlobals) = postSolution
		SolutionGuid = {E8C4D2B2-FC16-433C-93CD-B1061064FE43}
	EndGlobalSection
EndGlobal
